// !$*UTF8*$!
{
	archiveVersion = 1;
	classes = {
	};
	objectVersion = 56;
	objects = {

/* Begin PBXBuildFile section */
		840D5AD52C04E26800308BB1 /* RestaurantViewController.swift in Sources */ = {isa = PBXBuildFile; fileRef = 840D5AD42C04E26800308BB1 /* RestaurantViewController.swift */; };
		840D5AD82C04E27C00308BB1 /* RestaurantTableViewCell.swift in Sources */ = {isa = PBXBuildFile; fileRef = 840D5AD62C04E27C00308BB1 /* RestaurantTableViewCell.swift */; };
		840D5AD92C04E27C00308BB1 /* RestaurantTableViewCell.xib in Resources */ = {isa = PBXBuildFile; fileRef = 840D5AD72C04E27C00308BB1 /* RestaurantTableViewCell.xib */; };
		840D5ADB2C04F43200308BB1 /* TravelModel.swift in Sources */ = {isa = PBXBuildFile; fileRef = 840D5ADA2C04F43200308BB1 /* TravelModel.swift */; };
		840D5ADE2C04F5F900308BB1 /* CityInfoViewController.swift in Sources */ = {isa = PBXBuildFile; fileRef = 840D5ADD2C04F5F900308BB1 /* CityInfoViewController.swift */; };
		840D5AE12C04F64000308BB1 /* CityInfoTableViewCell.swift in Sources */ = {isa = PBXBuildFile; fileRef = 840D5ADF2C04F64000308BB1 /* CityInfoTableViewCell.swift */; };
		840D5AE22C04F64000308BB1 /* CityInfoTableViewCell.xib in Resources */ = {isa = PBXBuildFile; fileRef = 840D5AE02C04F64000308BB1 /* CityInfoTableViewCell.xib */; };
		840D5AE52C055F1500308BB1 /* Cosmos in Frameworks */ = {isa = PBXBuildFile; productRef = 840D5AE42C055F1500308BB1 /* Cosmos */; };
		840D5B272C05DD5800308BB1 /* AdTableViewCell.xib in Resources */ = {isa = PBXBuildFile; fileRef = 840D5B262C05DD5800308BB1 /* AdTableViewCell.xib */; };
		840D5B282C05DD5800308BB1 /* AdTableViewCell.swift in Sources */ = {isa = PBXBuildFile; fileRef = 840D5B252C05DD5800308BB1 /* AdTableViewCell.swift */; };
		840D5B2D2C05E9BC00308BB1 /* UITableViewCell+.swift in Sources */ = {isa = PBXBuildFile; fileRef = 840D5B2C2C05E9BC00308BB1 /* UITableViewCell+.swift */; };
		840D5B312C05ECCF00308BB1 /* UIColor+.swift in Sources */ = {isa = PBXBuildFile; fileRef = 840D5B302C05ECCF00308BB1 /* UIColor+.swift */; };
		8414D2662C063CA500B7DE55 /* CategoryPickerViewController.swift in Sources */ = {isa = PBXBuildFile; fileRef = 8414D2652C063CA500B7DE55 /* CategoryPickerViewController.swift */; };
		8414D2682C067B7200B7DE55 /* Category.swift in Sources */ = {isa = PBXBuildFile; fileRef = 8414D2672C067B7200B7DE55 /* Category.swift */; };
		8419BBC02C09F51900216272 /* MapViewController.swift in Sources */ = {isa = PBXBuildFile; fileRef = 8419BBBF2C09F51900216272 /* MapViewController.swift */; };
		8419BBC22C0A402300216272 /* UIAlertController+.swift in Sources */ = {isa = PBXBuildFile; fileRef = 8419BBC12C0A402300216272 /* UIAlertController+.swift */; };
		8419BBC62C0B359000216272 /* PopularCityTableViewCell.swift in Sources */ = {isa = PBXBuildFile; fileRef = 8419BBC42C0B359000216272 /* PopularCityTableViewCell.swift */; };
		8419BBC72C0B359000216272 /* PopularCityTableViewCell.xib in Resources */ = {isa = PBXBuildFile; fileRef = 8419BBC52C0B359000216272 /* PopularCityTableViewCell.xib */; };
		8462F6C72C073E58004CC40D /* CityInfoDetailViewController.swift in Sources */ = {isa = PBXBuildFile; fileRef = 8462F6C62C073E58004CC40D /* CityInfoDetailViewController.swift */; };
		8462F6CB2C074D2E004CC40D /* CityInfo.swift in Sources */ = {isa = PBXBuildFile; fileRef = 8462F6CA2C074D2E004CC40D /* CityInfo.swift */; };
		8462F6CD2C0766CA004CC40D /* ViewControllerDelegate.swift in Sources */ = {isa = PBXBuildFile; fileRef = 8462F6CC2C0766CA004CC40D /* ViewControllerDelegate.swift */; };
		8462F6D02C07A689004CC40D /* PopularCityViewController.swift in Sources */ = {isa = PBXBuildFile; fileRef = 8462F6CF2C07A689004CC40D /* PopularCityViewController.swift */; };
		8462F6DC2C089596004CC40D /* UIFont+.swift in Sources */ = {isa = PBXBuildFile; fileRef = 8462F6DB2C089596004CC40D /* UIFont+.swift */; };
		8462F6DE2C08A02A004CC40D /* UIViewController+.swift in Sources */ = {isa = PBXBuildFile; fileRef = 8462F6DD2C08A02A004CC40D /* UIViewController+.swift */; };
		8462F6E02C08AD30004CC40D /* AdViewController.swift in Sources */ = {isa = PBXBuildFile; fileRef = 8462F6DF2C08AD30004CC40D /* AdViewController.swift */; };
		8496E75E2C234F98009B9238 /* SnapKit in Frameworks */ = {isa = PBXBuildFile; productRef = 8496E75D2C234F98009B9238 /* SnapKit */; };
		8496E7602C235CC8009B9238 /* UIView+.swift in Sources */ = {isa = PBXBuildFile; fileRef = 8496E75F2C235CC8009B9238 /* UIView+.swift */; };
		8496E7622C2368DA009B9238 /* AlertMessage.swift in Sources */ = {isa = PBXBuildFile; fileRef = 8496E7612C2368DA009B9238 /* AlertMessage.swift */; };
		84A9F04D2C032634007025E4 /* AppDelegate.swift in Sources */ = {isa = PBXBuildFile; fileRef = 84A9F04C2C032634007025E4 /* AppDelegate.swift */; };
		84A9F04F2C032634007025E4 /* SceneDelegate.swift in Sources */ = {isa = PBXBuildFile; fileRef = 84A9F04E2C032634007025E4 /* SceneDelegate.swift */; };
		84A9F0512C032634007025E4 /* TravelTableViewController.swift in Sources */ = {isa = PBXBuildFile; fileRef = 84A9F0502C032634007025E4 /* TravelTableViewController.swift */; };
		84A9F0562C032635007025E4 /* Assets.xcassets in Resources */ = {isa = PBXBuildFile; fileRef = 84A9F0552C032635007025E4 /* Assets.xcassets */; };
		84A9F0772C034B3D007025E4 /* Restaurant.swift in Sources */ = {isa = PBXBuildFile; fileRef = 84A9F0752C034B3D007025E4 /* Restaurant.swift */; };
		84A9F0782C034B3D007025E4 /* MagazineInfo.swift in Sources */ = {isa = PBXBuildFile; fileRef = 84A9F0762C034B3D007025E4 /* MagazineInfo.swift */; };
		84A9F07F2C034DAD007025E4 /* LaunchScreen.storyboard in Resources */ = {isa = PBXBuildFile; fileRef = 84A9F07D2C034DAC007025E4 /* LaunchScreen.storyboard */; };
		84A9F0802C034DAD007025E4 /* Main.storyboard in Resources */ = {isa = PBXBuildFile; fileRef = 84A9F07E2C034DAD007025E4 /* Main.storyboard */; };
		84A9F0822C034E3D007025E4 /* TravelTableViewCell.swift in Sources */ = {isa = PBXBuildFile; fileRef = 84A9F0812C034E3D007025E4 /* TravelTableViewCell.swift */; };
		84A9F0852C035486007025E4 /* Kingfisher in Frameworks */ = {isa = PBXBuildFile; productRef = 84A9F0842C035486007025E4 /* Kingfisher */; };
		84A9F0882C0397E0007025E4 /* DateFormatter+.swift in Sources */ = {isa = PBXBuildFile; fileRef = 84A9F0872C0397E0007025E4 /* DateFormatter+.swift */; };
		84A9F08C2C03A8A6007025E4 /* .gitignore in Resources */ = {isa = PBXBuildFile; fileRef = 84A9F08B2C03A8A6007025E4 /* .gitignore */; };
		84B4CAAC2C05F64D0075DA21 /* Int+.swift in Sources */ = {isa = PBXBuildFile; fileRef = 84B4CAAB2C05F64D0075DA21 /* Int+.swift */; };
/* End PBXBuildFile section */

/* Begin PBXFileReference section */
		840D5AD42C04E26800308BB1 /* RestaurantViewController.swift */ = {isa = PBXFileReference; lastKnownFileType = sourcecode.swift; path = RestaurantViewController.swift; sourceTree = "<group>"; };
		840D5AD62C04E27C00308BB1 /* RestaurantTableViewCell.swift */ = {isa = PBXFileReference; lastKnownFileType = sourcecode.swift; path = RestaurantTableViewCell.swift; sourceTree = "<group>"; };
		840D5AD72C04E27C00308BB1 /* RestaurantTableViewCell.xib */ = {isa = PBXFileReference; lastKnownFileType = file.xib; path = RestaurantTableViewCell.xib; sourceTree = "<group>"; };
		840D5ADA2C04F43200308BB1 /* TravelModel.swift */ = {isa = PBXFileReference; fileEncoding = 4; lastKnownFileType = sourcecode.swift; name = TravelModel.swift; path = TravelProject/Model/TravelModel.swift; sourceTree = SOURCE_ROOT; };
		840D5ADD2C04F5F900308BB1 /* CityInfoViewController.swift */ = {isa = PBXFileReference; lastKnownFileType = sourcecode.swift; path = CityInfoViewController.swift; sourceTree = "<group>"; };
		840D5ADF2C04F64000308BB1 /* CityInfoTableViewCell.swift */ = {isa = PBXFileReference; lastKnownFileType = sourcecode.swift; path = CityInfoTableViewCell.swift; sourceTree = "<group>"; };
		840D5AE02C04F64000308BB1 /* CityInfoTableViewCell.xib */ = {isa = PBXFileReference; lastKnownFileType = file.xib; path = CityInfoTableViewCell.xib; sourceTree = "<group>"; };
		840D5B252C05DD5800308BB1 /* AdTableViewCell.swift */ = {isa = PBXFileReference; lastKnownFileType = sourcecode.swift; path = AdTableViewCell.swift; sourceTree = "<group>"; };
		840D5B262C05DD5800308BB1 /* AdTableViewCell.xib */ = {isa = PBXFileReference; lastKnownFileType = file.xib; path = AdTableViewCell.xib; sourceTree = "<group>"; };
		840D5B2C2C05E9BC00308BB1 /* UITableViewCell+.swift */ = {isa = PBXFileReference; lastKnownFileType = sourcecode.swift; path = "UITableViewCell+.swift"; sourceTree = "<group>"; };
		840D5B302C05ECCF00308BB1 /* UIColor+.swift */ = {isa = PBXFileReference; lastKnownFileType = sourcecode.swift; path = "UIColor+.swift"; sourceTree = "<group>"; };
		8414D2652C063CA500B7DE55 /* CategoryPickerViewController.swift */ = {isa = PBXFileReference; lastKnownFileType = sourcecode.swift; path = CategoryPickerViewController.swift; sourceTree = "<group>"; };
		8414D2672C067B7200B7DE55 /* Category.swift */ = {isa = PBXFileReference; lastKnownFileType = sourcecode.swift; path = Category.swift; sourceTree = "<group>"; };
		8419BBBF2C09F51900216272 /* MapViewController.swift */ = {isa = PBXFileReference; lastKnownFileType = sourcecode.swift; path = MapViewController.swift; sourceTree = "<group>"; };
		8419BBC12C0A402300216272 /* UIAlertController+.swift */ = {isa = PBXFileReference; lastKnownFileType = sourcecode.swift; path = "UIAlertController+.swift"; sourceTree = "<group>"; };
		8419BBC42C0B359000216272 /* PopularCityTableViewCell.swift */ = {isa = PBXFileReference; lastKnownFileType = sourcecode.swift; path = PopularCityTableViewCell.swift; sourceTree = "<group>"; };
		8419BBC52C0B359000216272 /* PopularCityTableViewCell.xib */ = {isa = PBXFileReference; lastKnownFileType = file.xib; path = PopularCityTableViewCell.xib; sourceTree = "<group>"; };
		8462F6C62C073E58004CC40D /* CityInfoDetailViewController.swift */ = {isa = PBXFileReference; lastKnownFileType = sourcecode.swift; path = CityInfoDetailViewController.swift; sourceTree = "<group>"; };
		8462F6CA2C074D2E004CC40D /* CityInfo.swift */ = {isa = PBXFileReference; fileEncoding = 4; lastKnownFileType = sourcecode.swift; name = CityInfo.swift; path = TravelProject/Model/CityInfo.swift; sourceTree = SOURCE_ROOT; };
		8462F6CC2C0766CA004CC40D /* ViewControllerDelegate.swift */ = {isa = PBXFileReference; lastKnownFileType = sourcecode.swift; path = ViewControllerDelegate.swift; sourceTree = "<group>"; };
		8462F6CF2C07A689004CC40D /* PopularCityViewController.swift */ = {isa = PBXFileReference; lastKnownFileType = sourcecode.swift; path = PopularCityViewController.swift; sourceTree = "<group>"; };
		8462F6DB2C089596004CC40D /* UIFont+.swift */ = {isa = PBXFileReference; lastKnownFileType = sourcecode.swift; path = "UIFont+.swift"; sourceTree = "<group>"; };
		8462F6DD2C08A02A004CC40D /* UIViewController+.swift */ = {isa = PBXFileReference; lastKnownFileType = sourcecode.swift; path = "UIViewController+.swift"; sourceTree = "<group>"; };
		8462F6DF2C08AD30004CC40D /* AdViewController.swift */ = {isa = PBXFileReference; lastKnownFileType = sourcecode.swift; path = AdViewController.swift; sourceTree = "<group>"; };
		8496E75F2C235CC8009B9238 /* UIView+.swift */ = {isa = PBXFileReference; lastKnownFileType = sourcecode.swift; path = "UIView+.swift"; sourceTree = "<group>"; };
		8496E7612C2368DA009B9238 /* AlertMessage.swift */ = {isa = PBXFileReference; lastKnownFileType = sourcecode.swift; path = AlertMessage.swift; sourceTree = "<group>"; };
		84A9F0492C032634007025E4 /* TravelProject.app */ = {isa = PBXFileReference; explicitFileType = wrapper.application; includeInIndex = 0; path = TravelProject.app; sourceTree = BUILT_PRODUCTS_DIR; };
		84A9F04C2C032634007025E4 /* AppDelegate.swift */ = {isa = PBXFileReference; lastKnownFileType = sourcecode.swift; path = AppDelegate.swift; sourceTree = "<group>"; };
		84A9F04E2C032634007025E4 /* SceneDelegate.swift */ = {isa = PBXFileReference; lastKnownFileType = sourcecode.swift; path = SceneDelegate.swift; sourceTree = "<group>"; };
		84A9F0502C032634007025E4 /* TravelTableViewController.swift */ = {isa = PBXFileReference; lastKnownFileType = sourcecode.swift; path = TravelTableViewController.swift; sourceTree = "<group>"; };
		84A9F0552C032635007025E4 /* Assets.xcassets */ = {isa = PBXFileReference; lastKnownFileType = folder.assetcatalog; path = Assets.xcassets; sourceTree = "<group>"; };
		84A9F05A2C032635007025E4 /* Info.plist */ = {isa = PBXFileReference; lastKnownFileType = text.plist.xml; path = Info.plist; sourceTree = "<group>"; };
		84A9F0752C034B3D007025E4 /* Restaurant.swift */ = {isa = PBXFileReference; fileEncoding = 4; lastKnownFileType = sourcecode.swift; path = Restaurant.swift; sourceTree = "<group>"; };
		84A9F0762C034B3D007025E4 /* MagazineInfo.swift */ = {isa = PBXFileReference; fileEncoding = 4; lastKnownFileType = sourcecode.swift; path = MagazineInfo.swift; sourceTree = "<group>"; };
		84A9F07D2C034DAC007025E4 /* LaunchScreen.storyboard */ = {isa = PBXFileReference; fileEncoding = 4; lastKnownFileType = file.storyboard; path = LaunchScreen.storyboard; sourceTree = "<group>"; };
		84A9F07E2C034DAD007025E4 /* Main.storyboard */ = {isa = PBXFileReference; fileEncoding = 4; lastKnownFileType = file.storyboard; path = Main.storyboard; sourceTree = "<group>"; };
		84A9F0812C034E3D007025E4 /* TravelTableViewCell.swift */ = {isa = PBXFileReference; lastKnownFileType = sourcecode.swift; path = TravelTableViewCell.swift; sourceTree = "<group>"; };
		84A9F0872C0397E0007025E4 /* DateFormatter+.swift */ = {isa = PBXFileReference; lastKnownFileType = sourcecode.swift; path = "DateFormatter+.swift"; sourceTree = "<group>"; };
		84A9F08B2C03A8A6007025E4 /* .gitignore */ = {isa = PBXFileReference; lastKnownFileType = text; path = .gitignore; sourceTree = "<group>"; };
		84B4CAAB2C05F64D0075DA21 /* Int+.swift */ = {isa = PBXFileReference; lastKnownFileType = sourcecode.swift; path = "Int+.swift"; sourceTree = "<group>"; };
/* End PBXFileReference section */

/* Begin PBXFrameworksBuildPhase section */
		84A9F0462C032634007025E4 /* Frameworks */ = {
			isa = PBXFrameworksBuildPhase;
			buildActionMask = 2147483647;
			files = (
				8496E75E2C234F98009B9238 /* SnapKit in Frameworks */,
				840D5AE52C055F1500308BB1 /* Cosmos in Frameworks */,
				84A9F0852C035486007025E4 /* Kingfisher in Frameworks */,
			);
			runOnlyForDeploymentPostprocessing = 0;
		};
/* End PBXFrameworksBuildPhase section */

/* Begin PBXGroup section */
		840D5AD22C04E21800308BB1 /* Travel */ = {
			isa = PBXGroup;
			children = (
				84A9F0502C032634007025E4 /* TravelTableViewController.swift */,
				84A9F0812C034E3D007025E4 /* TravelTableViewCell.swift */,
			);
			path = Travel;
			sourceTree = "<group>";
		};
		840D5AD32C04E23400308BB1 /* Restaurant */ = {
			isa = PBXGroup;
			children = (
				840D5AD42C04E26800308BB1 /* RestaurantViewController.swift */,
				840D5AD62C04E27C00308BB1 /* RestaurantTableViewCell.swift */,
				840D5AD72C04E27C00308BB1 /* RestaurantTableViewCell.xib */,
				8414D2652C063CA500B7DE55 /* CategoryPickerViewController.swift */,
				8414D2672C067B7200B7DE55 /* Category.swift */,
				8419BBBF2C09F51900216272 /* MapViewController.swift */,
				8496E7612C2368DA009B9238 /* AlertMessage.swift */,
			);
			path = Restaurant;
			sourceTree = "<group>";
		};
		840D5ADC2C04F58100308BB1 /* CityInfo */ = {
			isa = PBXGroup;
			children = (
				840D5ADD2C04F5F900308BB1 /* CityInfoViewController.swift */,
				840D5ADF2C04F64000308BB1 /* CityInfoTableViewCell.swift */,
				840D5AE02C04F64000308BB1 /* CityInfoTableViewCell.xib */,
				840D5B252C05DD5800308BB1 /* AdTableViewCell.swift */,
				840D5B262C05DD5800308BB1 /* AdTableViewCell.xib */,
				8462F6C62C073E58004CC40D /* CityInfoDetailViewController.swift */,
				8462F6DF2C08AD30004CC40D /* AdViewController.swift */,
			);
			path = CityInfo;
			sourceTree = "<group>";
		};
		840D5B322C05F49F00308BB1 /* Extension */ = {
			isa = PBXGroup;
			children = (
				8419BBC12C0A402300216272 /* UIAlertController+.swift */,
				8496E75F2C235CC8009B9238 /* UIView+.swift */,
				8462F6DD2C08A02A004CC40D /* UIViewController+.swift */,
				840D5B2C2C05E9BC00308BB1 /* UITableViewCell+.swift */,
				84A9F0872C0397E0007025E4 /* DateFormatter+.swift */,
				840D5B302C05ECCF00308BB1 /* UIColor+.swift */,
				8462F6DB2C089596004CC40D /* UIFont+.swift */,
				84B4CAAB2C05F64D0075DA21 /* Int+.swift */,
			);
			path = Extension;
			sourceTree = "<group>";
		};
		8462F6CE2C07A648004CC40D /* PopularCity */ = {
			isa = PBXGroup;
			children = (
				8462F6CF2C07A689004CC40D /* PopularCityViewController.swift */,
				8419BBC42C0B359000216272 /* PopularCityTableViewCell.swift */,
				8419BBC52C0B359000216272 /* PopularCityTableViewCell.xib */,
			);
			path = PopularCity;
			sourceTree = "<group>";
		};
		84A9F0402C032634007025E4 = {
			isa = PBXGroup;
			children = (
				84A9F04B2C032634007025E4 /* TravelProject */,
				84A9F04A2C032634007025E4 /* Products */,
			);
			sourceTree = "<group>";
		};
		84A9F04A2C032634007025E4 /* Products */ = {
			isa = PBXGroup;
			children = (
				84A9F0492C032634007025E4 /* TravelProject.app */,
			);
			name = Products;
			sourceTree = "<group>";
		};
		84A9F04B2C032634007025E4 /* TravelProject */ = {
			isa = PBXGroup;
			children = (
				8462F6CC2C0766CA004CC40D /* ViewControllerDelegate.swift */,
				84A9F07C2C034C6E007025E4 /* App */,
				840D5B322C05F49F00308BB1 /* Extension */,
				8462F6CE2C07A648004CC40D /* PopularCity */,
				840D5AD22C04E21800308BB1 /* Travel */,
				840D5ADC2C04F58100308BB1 /* CityInfo */,
				840D5AD32C04E23400308BB1 /* Restaurant */,
				84A9F0792C034BFB007025E4 /* Model */,
				84A9F0862C03552E007025E4 /* Resource */,
				84A9F05A2C032635007025E4 /* Info.plist */,
				84A9F08B2C03A8A6007025E4 /* .gitignore */,
			);
			path = TravelProject;
			sourceTree = "<group>";
		};
		84A9F0792C034BFB007025E4 /* Model */ = {
			isa = PBXGroup;
			children = (
				8462F6CA2C074D2E004CC40D /* CityInfo.swift */,
				84A9F0762C034B3D007025E4 /* MagazineInfo.swift */,
				84A9F0752C034B3D007025E4 /* Restaurant.swift */,
				840D5ADA2C04F43200308BB1 /* TravelModel.swift */,
			);
			path = Model;
			sourceTree = "<group>";
		};
		84A9F07C2C034C6E007025E4 /* App */ = {
			isa = PBXGroup;
			children = (
				84A9F04C2C032634007025E4 /* AppDelegate.swift */,
				84A9F04E2C032634007025E4 /* SceneDelegate.swift */,
			);
			path = App;
			sourceTree = "<group>";
		};
		84A9F0862C03552E007025E4 /* Resource */ = {
			isa = PBXGroup;
			children = (
				84A9F07E2C034DAD007025E4 /* Main.storyboard */,
				84A9F07D2C034DAC007025E4 /* LaunchScreen.storyboard */,
				84A9F0552C032635007025E4 /* Assets.xcassets */,
			);
			path = Resource;
			sourceTree = "<group>";
		};
/* End PBXGroup section */

/* Begin PBXNativeTarget section */
		84A9F0482C032634007025E4 /* TravelProject */ = {
			isa = PBXNativeTarget;
			buildConfigurationList = 84A9F05D2C032635007025E4 /* Build configuration list for PBXNativeTarget "TravelProject" */;
			buildPhases = (
				84A9F0452C032634007025E4 /* Sources */,
				84A9F0462C032634007025E4 /* Frameworks */,
				84A9F0472C032634007025E4 /* Resources */,
			);
			buildRules = (
			);
			dependencies = (
			);
			name = TravelProject;
			packageProductDependencies = (
				84A9F0842C035486007025E4 /* Kingfisher */,
				840D5AE42C055F1500308BB1 /* Cosmos */,
				8496E75D2C234F98009B9238 /* SnapKit */,
			);
			productName = TravelProject;
			productReference = 84A9F0492C032634007025E4 /* TravelProject.app */;
			productType = "com.apple.product-type.application";
		};
/* End PBXNativeTarget section */

/* Begin PBXProject section */
		84A9F0412C032634007025E4 /* Project object */ = {
			isa = PBXProject;
			attributes = {
				BuildIndependentTargetsInParallel = 1;
				LastSwiftUpdateCheck = 1540;
				LastUpgradeCheck = 1540;
				TargetAttributes = {
					84A9F0482C032634007025E4 = {
						CreatedOnToolsVersion = 15.4;
					};
				};
			};
			buildConfigurationList = 84A9F0442C032634007025E4 /* Build configuration list for PBXProject "TravelProject" */;
			compatibilityVersion = "Xcode 14.0";
			developmentRegion = en;
			hasScannedForEncodings = 0;
			knownRegions = (
				en,
				Base,
			);
			mainGroup = 84A9F0402C032634007025E4;
			packageReferences = (
				84A9F0832C035486007025E4 /* XCRemoteSwiftPackageReference "Kingfisher" */,
				840D5AE32C055F1500308BB1 /* XCRemoteSwiftPackageReference "Cosmos" */,
				8496E75C2C234F98009B9238 /* XCRemoteSwiftPackageReference "SnapKit" */,
			);
			productRefGroup = 84A9F04A2C032634007025E4 /* Products */;
			projectDirPath = "";
			projectRoot = "";
			targets = (
				84A9F0482C032634007025E4 /* TravelProject */,
			);
		};
/* End PBXProject section */

/* Begin PBXResourcesBuildPhase section */
		84A9F0472C032634007025E4 /* Resources */ = {
			isa = PBXResourcesBuildPhase;
			buildActionMask = 2147483647;
			files = (
				840D5AE22C04F64000308BB1 /* CityInfoTableViewCell.xib in Resources */,
				84A9F08C2C03A8A6007025E4 /* .gitignore in Resources */,
				840D5B272C05DD5800308BB1 /* AdTableViewCell.xib in Resources */,
				84A9F0562C032635007025E4 /* Assets.xcassets in Resources */,
				8419BBC72C0B359000216272 /* PopularCityTableViewCell.xib in Resources */,
				840D5AD92C04E27C00308BB1 /* RestaurantTableViewCell.xib in Resources */,
				84A9F0802C034DAD007025E4 /* Main.storyboard in Resources */,
				84A9F07F2C034DAD007025E4 /* LaunchScreen.storyboard in Resources */,
			);
			runOnlyForDeploymentPostprocessing = 0;
		};
/* End PBXResourcesBuildPhase section */

/* Begin PBXSourcesBuildPhase section */
		84A9F0452C032634007025E4 /* Sources */ = {
			isa = PBXSourcesBuildPhase;
			buildActionMask = 2147483647;
			files = (
				84A9F0772C034B3D007025E4 /* Restaurant.swift in Sources */,
				840D5AD52C04E26800308BB1 /* RestaurantViewController.swift in Sources */,
				8462F6DE2C08A02A004CC40D /* UIViewController+.swift in Sources */,
				8414D2662C063CA500B7DE55 /* CategoryPickerViewController.swift in Sources */,
				8462F6CB2C074D2E004CC40D /* CityInfo.swift in Sources */,
				84A9F0822C034E3D007025E4 /* TravelTableViewCell.swift in Sources */,
				8462F6E02C08AD30004CC40D /* AdViewController.swift in Sources */,
				84A9F0512C032634007025E4 /* TravelTableViewController.swift in Sources */,
				8462F6DC2C089596004CC40D /* UIFont+.swift in Sources */,
				8414D2682C067B7200B7DE55 /* Category.swift in Sources */,
				840D5AE12C04F64000308BB1 /* CityInfoTableViewCell.swift in Sources */,
				84A9F04D2C032634007025E4 /* AppDelegate.swift in Sources */,
				8462F6D02C07A689004CC40D /* PopularCityViewController.swift in Sources */,
				84A9F04F2C032634007025E4 /* SceneDelegate.swift in Sources */,
				8496E7622C2368DA009B9238 /* AlertMessage.swift in Sources */,
				8462F6C72C073E58004CC40D /* CityInfoDetailViewController.swift in Sources */,
				8462F6CD2C0766CA004CC40D /* ViewControllerDelegate.swift in Sources */,
				84A9F0882C0397E0007025E4 /* DateFormatter+.swift in Sources */,
				840D5ADB2C04F43200308BB1 /* TravelModel.swift in Sources */,
				84B4CAAC2C05F64D0075DA21 /* Int+.swift in Sources */,
				8419BBC22C0A402300216272 /* UIAlertController+.swift in Sources */,
				8419BBC62C0B359000216272 /* PopularCityTableViewCell.swift in Sources */,
				8419BBC02C09F51900216272 /* MapViewController.swift in Sources */,
				840D5B2D2C05E9BC00308BB1 /* UITableViewCell+.swift in Sources */,
				840D5B282C05DD5800308BB1 /* AdTableViewCell.swift in Sources */,
				8496E7602C235CC8009B9238 /* UIView+.swift in Sources */,
				840D5AD82C04E27C00308BB1 /* RestaurantTableViewCell.swift in Sources */,
				840D5ADE2C04F5F900308BB1 /* CityInfoViewController.swift in Sources */,
				84A9F0782C034B3D007025E4 /* MagazineInfo.swift in Sources */,
				840D5B312C05ECCF00308BB1 /* UIColor+.swift in Sources */,
			);
			runOnlyForDeploymentPostprocessing = 0;
		};
/* End PBXSourcesBuildPhase section */

/* Begin XCBuildConfiguration section */
		84A9F05B2C032635007025E4 /* Debug */ = {
			isa = XCBuildConfiguration;
			buildSettings = {
				ALWAYS_SEARCH_USER_PATHS = NO;
				ASSETCATALOG_COMPILER_GENERATE_SWIFT_ASSET_SYMBOL_EXTENSIONS = YES;
				CLANG_ANALYZER_NONNULL = YES;
				CLANG_ANALYZER_NUMBER_OBJECT_CONVERSION = YES_AGGRESSIVE;
				CLANG_CXX_LANGUAGE_STANDARD = "gnu++20";
				CLANG_ENABLE_MODULES = YES;
				CLANG_ENABLE_OBJC_ARC = YES;
				CLANG_ENABLE_OBJC_WEAK = YES;
				CLANG_WARN_BLOCK_CAPTURE_AUTORELEASING = YES;
				CLANG_WARN_BOOL_CONVERSION = YES;
				CLANG_WARN_COMMA = YES;
				CLANG_WARN_CONSTANT_CONVERSION = YES;
				CLANG_WARN_DEPRECATED_OBJC_IMPLEMENTATIONS = YES;
				CLANG_WARN_DIRECT_OBJC_ISA_USAGE = YES_ERROR;
				CLANG_WARN_DOCUMENTATION_COMMENTS = YES;
				CLANG_WARN_EMPTY_BODY = YES;
				CLANG_WARN_ENUM_CONVERSION = YES;
				CLANG_WARN_INFINITE_RECURSION = YES;
				CLANG_WARN_INT_CONVERSION = YES;
				CLANG_WARN_NON_LITERAL_NULL_CONVERSION = YES;
				CLANG_WARN_OBJC_IMPLICIT_RETAIN_SELF = YES;
				CLANG_WARN_OBJC_LITERAL_CONVERSION = YES;
				CLANG_WARN_OBJC_ROOT_CLASS = YES_ERROR;
				CLANG_WARN_QUOTED_INCLUDE_IN_FRAMEWORK_HEADER = YES;
				CLANG_WARN_RANGE_LOOP_ANALYSIS = YES;
				CLANG_WARN_STRICT_PROTOTYPES = YES;
				CLANG_WARN_SUSPICIOUS_MOVE = YES;
				CLANG_WARN_UNGUARDED_AVAILABILITY = YES_AGGRESSIVE;
				CLANG_WARN_UNREACHABLE_CODE = YES;
				CLANG_WARN__DUPLICATE_METHOD_MATCH = YES;
				COPY_PHASE_STRIP = NO;
				DEBUG_INFORMATION_FORMAT = dwarf;
				ENABLE_STRICT_OBJC_MSGSEND = YES;
				ENABLE_TESTABILITY = YES;
				ENABLE_USER_SCRIPT_SANDBOXING = YES;
				GCC_C_LANGUAGE_STANDARD = gnu17;
				GCC_DYNAMIC_NO_PIC = NO;
				GCC_NO_COMMON_BLOCKS = YES;
				GCC_OPTIMIZATION_LEVEL = 0;
				GCC_PREPROCESSOR_DEFINITIONS = (
					"DEBUG=1",
					"$(inherited)",
				);
				GCC_WARN_64_TO_32_BIT_CONVERSION = YES;
				GCC_WARN_ABOUT_RETURN_TYPE = YES_ERROR;
				GCC_WARN_UNDECLARED_SELECTOR = YES;
				GCC_WARN_UNINITIALIZED_AUTOS = YES_AGGRESSIVE;
				GCC_WARN_UNUSED_FUNCTION = YES;
				GCC_WARN_UNUSED_VARIABLE = YES;
				IPHONEOS_DEPLOYMENT_TARGET = 17.5;
				LOCALIZATION_PREFERS_STRING_CATALOGS = YES;
				MTL_ENABLE_DEBUG_INFO = INCLUDE_SOURCE;
				MTL_FAST_MATH = YES;
				ONLY_ACTIVE_ARCH = YES;
				SDKROOT = iphoneos;
				SWIFT_ACTIVE_COMPILATION_CONDITIONS = "DEBUG $(inherited)";
				SWIFT_OPTIMIZATION_LEVEL = "-Onone";
			};
			name = Debug;
		};
		84A9F05C2C032635007025E4 /* Release */ = {
			isa = XCBuildConfiguration;
			buildSettings = {
				ALWAYS_SEARCH_USER_PATHS = NO;
				ASSETCATALOG_COMPILER_GENERATE_SWIFT_ASSET_SYMBOL_EXTENSIONS = YES;
				CLANG_ANALYZER_NONNULL = YES;
				CLANG_ANALYZER_NUMBER_OBJECT_CONVERSION = YES_AGGRESSIVE;
				CLANG_CXX_LANGUAGE_STANDARD = "gnu++20";
				CLANG_ENABLE_MODULES = YES;
				CLANG_ENABLE_OBJC_ARC = YES;
				CLANG_ENABLE_OBJC_WEAK = YES;
				CLANG_WARN_BLOCK_CAPTURE_AUTORELEASING = YES;
				CLANG_WARN_BOOL_CONVERSION = YES;
				CLANG_WARN_COMMA = YES;
				CLANG_WARN_CONSTANT_CONVERSION = YES;
				CLANG_WARN_DEPRECATED_OBJC_IMPLEMENTATIONS = YES;
				CLANG_WARN_DIRECT_OBJC_ISA_USAGE = YES_ERROR;
				CLANG_WARN_DOCUMENTATION_COMMENTS = YES;
				CLANG_WARN_EMPTY_BODY = YES;
				CLANG_WARN_ENUM_CONVERSION = YES;
				CLANG_WARN_INFINITE_RECURSION = YES;
				CLANG_WARN_INT_CONVERSION = YES;
				CLANG_WARN_NON_LITERAL_NULL_CONVERSION = YES;
				CLANG_WARN_OBJC_IMPLICIT_RETAIN_SELF = YES;
				CLANG_WARN_OBJC_LITERAL_CONVERSION = YES;
				CLANG_WARN_OBJC_ROOT_CLASS = YES_ERROR;
				CLANG_WARN_QUOTED_INCLUDE_IN_FRAMEWORK_HEADER = YES;
				CLANG_WARN_RANGE_LOOP_ANALYSIS = YES;
				CLANG_WARN_STRICT_PROTOTYPES = YES;
				CLANG_WARN_SUSPICIOUS_MOVE = YES;
				CLANG_WARN_UNGUARDED_AVAILABILITY = YES_AGGRESSIVE;
				CLANG_WARN_UNREACHABLE_CODE = YES;
				CLANG_WARN__DUPLICATE_METHOD_MATCH = YES;
				COPY_PHASE_STRIP = NO;
				DEBUG_INFORMATION_FORMAT = "dwarf-with-dsym";
				ENABLE_NS_ASSERTIONS = NO;
				ENABLE_STRICT_OBJC_MSGSEND = YES;
				ENABLE_USER_SCRIPT_SANDBOXING = YES;
				GCC_C_LANGUAGE_STANDARD = gnu17;
				GCC_NO_COMMON_BLOCKS = YES;
				GCC_WARN_64_TO_32_BIT_CONVERSION = YES;
				GCC_WARN_ABOUT_RETURN_TYPE = YES_ERROR;
				GCC_WARN_UNDECLARED_SELECTOR = YES;
				GCC_WARN_UNINITIALIZED_AUTOS = YES_AGGRESSIVE;
				GCC_WARN_UNUSED_FUNCTION = YES;
				GCC_WARN_UNUSED_VARIABLE = YES;
				IPHONEOS_DEPLOYMENT_TARGET = 17.5;
				LOCALIZATION_PREFERS_STRING_CATALOGS = YES;
				MTL_ENABLE_DEBUG_INFO = NO;
				MTL_FAST_MATH = YES;
				SDKROOT = iphoneos;
				SWIFT_COMPILATION_MODE = wholemodule;
				VALIDATE_PRODUCT = YES;
			};
			name = Release;
		};
		84A9F05E2C032635007025E4 /* Debug */ = {
			isa = XCBuildConfiguration;
			buildSettings = {
				ASSETCATALOG_COMPILER_APPICON_NAME = AppIcon;
				ASSETCATALOG_COMPILER_GLOBAL_ACCENT_COLOR_NAME = AccentColor;
				CODE_SIGN_STYLE = Automatic;
				CURRENT_PROJECT_VERSION = 1;
				DEVELOPMENT_TEAM = DB9LFYULKZ;
				GENERATE_INFOPLIST_FILE = YES;
				INFOPLIST_FILE = TravelProject/Info.plist;
				INFOPLIST_KEY_LSApplicationCategoryType = "";
				INFOPLIST_KEY_NSLocationAlwaysUsageDescription = "사용자의 현재 위치정보 제공을 위해 해당 관한이 필요합니다";
				INFOPLIST_KEY_NSLocationWhenInUseUsageDescription = "사용자의 현재 위치정보 제공을 위해 해당 관한이 필요합니다";
				INFOPLIST_KEY_UIApplicationSupportsIndirectInputEvents = YES;
				INFOPLIST_KEY_UILaunchStoryboardName = LaunchScreen;
				INFOPLIST_KEY_UIMainStoryboardFile = Main;
				INFOPLIST_KEY_UISupportedInterfaceOrientations = UIInterfaceOrientationPortrait;
				INFOPLIST_KEY_UISupportedInterfaceOrientations_iPad = "UIInterfaceOrientationLandscapeLeft UIInterfaceOrientationLandscapeRight UIInterfaceOrientationPortrait UIInterfaceOrientationPortraitUpsideDown";
				IPHONEOS_DEPLOYMENT_TARGET = 16.0;
				LD_RUNPATH_SEARCH_PATHS = (
					"$(inherited)",
					"@executable_path/Frameworks",
				);
				MARKETING_VERSION = 1.0;
				PRODUCT_BUNDLE_IDENTIFIER = com.sesac.TravelProject;
				PRODUCT_NAME = "$(TARGET_NAME)";
				SUPPORTED_PLATFORMS = "iphoneos iphonesimulator";
				SUPPORTS_MACCATALYST = NO;
				SUPPORTS_MAC_DESIGNED_FOR_IPHONE_IPAD = NO;
				SUPPORTS_XR_DESIGNED_FOR_IPHONE_IPAD = NO;
				SWIFT_EMIT_LOC_STRINGS = YES;
				SWIFT_VERSION = 5.0;
				TARGETED_DEVICE_FAMILY = 1;
			};
			name = Debug;
		};
		84A9F05F2C032635007025E4 /* Release */ = {
			isa = XCBuildConfiguration;
			buildSettings = {
				ASSETCATALOG_COMPILER_APPICON_NAME = AppIcon;
				ASSETCATALOG_COMPILER_GLOBAL_ACCENT_COLOR_NAME = AccentColor;
				CODE_SIGN_STYLE = Automatic;
				CURRENT_PROJECT_VERSION = 1;
				DEVELOPMENT_TEAM = DB9LFYULKZ;
				GENERATE_INFOPLIST_FILE = YES;
				INFOPLIST_FILE = TravelProject/Info.plist;
				INFOPLIST_KEY_LSApplicationCategoryType = "";
				INFOPLIST_KEY_NSLocationAlwaysUsageDescription = "사용자의 현재 위치정보 제공을 위해 해당 관한이 필요합니다";
				INFOPLIST_KEY_NSLocationWhenInUseUsageDescription = "사용자의 현재 위치정보 제공을 위해 해당 관한이 필요합니다";
				INFOPLIST_KEY_UIApplicationSupportsIndirectInputEvents = YES;
				INFOPLIST_KEY_UILaunchStoryboardName = LaunchScreen;
				INFOPLIST_KEY_UIMainStoryboardFile = Main;
				INFOPLIST_KEY_UISupportedInterfaceOrientations = UIInterfaceOrientationPortrait;
				INFOPLIST_KEY_UISupportedInterfaceOrientations_iPad = "UIInterfaceOrientationLandscapeLeft UIInterfaceOrientationLandscapeRight UIInterfaceOrientationPortrait UIInterfaceOrientationPortraitUpsideDown";
				IPHONEOS_DEPLOYMENT_TARGET = 16.0;
				LD_RUNPATH_SEARCH_PATHS = (
					"$(inherited)",
					"@executable_path/Frameworks",
				);
				MARKETING_VERSION = 1.0;
				PRODUCT_BUNDLE_IDENTIFIER = com.sesac.TravelProject;
				PRODUCT_NAME = "$(TARGET_NAME)";
				SUPPORTED_PLATFORMS = "iphoneos iphonesimulator";
				SUPPORTS_MACCATALYST = NO;
				SUPPORTS_MAC_DESIGNED_FOR_IPHONE_IPAD = NO;
				SUPPORTS_XR_DESIGNED_FOR_IPHONE_IPAD = NO;
				SWIFT_EMIT_LOC_STRINGS = YES;
				SWIFT_VERSION = 5.0;
				TARGETED_DEVICE_FAMILY = 1;
			};
			name = Release;
		};
/* End XCBuildConfiguration section */

/* Begin XCConfigurationList section */
		84A9F0442C032634007025E4 /* Build configuration list for PBXProject "TravelProject" */ = {
			isa = XCConfigurationList;
			buildConfigurations = (
				84A9F05B2C032635007025E4 /* Debug */,
				84A9F05C2C032635007025E4 /* Release */,
			);
			defaultConfigurationIsVisible = 0;
			defaultConfigurationName = Release;
		};
		84A9F05D2C032635007025E4 /* Build configuration list for PBXNativeTarget "TravelProject" */ = {
			isa = XCConfigurationList;
			buildConfigurations = (
				84A9F05E2C032635007025E4 /* Debug */,
				84A9F05F2C032635007025E4 /* Release */,
			);
			defaultConfigurationIsVisible = 0;
			defaultConfigurationName = Release;
		};
/* End XCConfigurationList section */

/* Begin XCRemoteSwiftPackageReference section */
		840D5AE32C055F1500308BB1 /* XCRemoteSwiftPackageReference "Cosmos" */ = {
			isa = XCRemoteSwiftPackageReference;
			repositoryURL = "https://github.com/evgenyneu/Cosmos";
			requirement = {
				kind = upToNextMajorVersion;
				minimumVersion = 25.0.1;
			};
		};
		8496E75C2C234F98009B9238 /* XCRemoteSwiftPackageReference "SnapKit" */ = {
			isa = XCRemoteSwiftPackageReference;
			repositoryURL = "https://github.com/SnapKit/SnapKit";
			requirement = {
				kind = upToNextMajorVersion;
				minimumVersion = 5.7.1;
			};
		};
		84A9F0832C035486007025E4 /* XCRemoteSwiftPackageReference "Kingfisher" */ = {
			isa = XCRemoteSwiftPackageReference;
			repositoryURL = "https://github.com/onevcat/Kingfisher";
			requirement = {
				kind = upToNextMajorVersion;
				minimumVersion = 7.11.0;
			};
		};
/* End XCRemoteSwiftPackageReference section */

/* Begin XCSwiftPackageProductDependency section */
		840D5AE42C055F1500308BB1 /* Cosmos */ = {
			isa = XCSwiftPackageProductDependency;
			package = 840D5AE32C055F1500308BB1 /* XCRemoteSwiftPackageReference "Cosmos" */;
			productName = Cosmos;
		};
		8496E75D2C234F98009B9238 /* SnapKit */ = {
			isa = XCSwiftPackageProductDependency;
			package = 8496E75C2C234F98009B9238 /* XCRemoteSwiftPackageReference "SnapKit" */;
			productName = SnapKit;
		};
		84A9F0842C035486007025E4 /* Kingfisher */ = {
			isa = XCSwiftPackageProductDependency;
			package = 84A9F0832C035486007025E4 /* XCRemoteSwiftPackageReference "Kingfisher" */;
			productName = Kingfisher;
		};
/* End XCSwiftPackageProductDependency section */
	};
	rootObject = 84A9F0412C032634007025E4 /* Project object */;
}
