// !$*UTF8*$!
{
	archiveVersion = 1;
	classes = {
	};
	objectVersion = 56;
	objects = {

/* Begin PBXBuildFile section */
		84A9F04D2C032634007025E4 /* AppDelegate.swift in Sources */ = {isa = PBXBuildFile; fileRef = 84A9F04C2C032634007025E4 /* AppDelegate.swift */; };
		84A9F04F2C032634007025E4 /* SceneDelegate.swift in Sources */ = {isa = PBXBuildFile; fileRef = 84A9F04E2C032634007025E4 /* SceneDelegate.swift */; };
		84A9F0512C032634007025E4 /* TravelTableViewController.swift in Sources */ = {isa = PBXBuildFile; fileRef = 84A9F0502C032634007025E4 /* TravelTableViewController.swift */; };
		84A9F0562C032635007025E4 /* Assets.xcassets in Resources */ = {isa = PBXBuildFile; fileRef = 84A9F0552C032635007025E4 /* Assets.xcassets */; };
		84A9F0772C034B3D007025E4 /* Restaurant.swift in Sources */ = {isa = PBXBuildFile; fileRef = 84A9F0752C034B3D007025E4 /* Restaurant.swift */; };
		84A9F0782C034B3D007025E4 /* MagazineInfo.swift in Sources */ = {isa = PBXBuildFile; fileRef = 84A9F0762C034B3D007025E4 /* MagazineInfo.swift */; };
		84A9F07F2C034DAD007025E4 /* LaunchScreen.storyboard in Resources */ = {isa = PBXBuildFile; fileRef = 84A9F07D2C034DAC007025E4 /* LaunchScreen.storyboard */; };
		84A9F0802C034DAD007025E4 /* Main.storyboard in Resources */ = {isa = PBXBuildFile; fileRef = 84A9F07E2C034DAD007025E4 /* Main.storyboard */; };
		84A9F0822C034E3D007025E4 /* TravelTableViewCell.swift in Sources */ = {isa = PBXBuildFile; fileRef = 84A9F0812C034E3D007025E4 /* TravelTableViewCell.swift */; };
		84A9F0852C035486007025E4 /* Kingfisher in Frameworks */ = {isa = PBXBuildFile; productRef = 84A9F0842C035486007025E4 /* Kingfisher */; };
		84A9F0882C0397E0007025E4 /* DateFormatter+.swift in Sources */ = {isa = PBXBuildFile; fileRef = 84A9F0872C0397E0007025E4 /* DateFormatter+.swift */; };
		84A9F08C2C03A8A6007025E4 /* .gitignore in Resources */ = {isa = PBXBuildFile; fileRef = 84A9F08B2C03A8A6007025E4 /* .gitignore */; };
/* End PBXBuildFile section */

/* Begin PBXFileReference section */
		84A9F0492C032634007025E4 /* TravelProject.app */ = {isa = PBXFileReference; explicitFileType = wrapper.application; includeInIndex = 0; path = TravelProject.app; sourceTree = BUILT_PRODUCTS_DIR; };
		84A9F04C2C032634007025E4 /* AppDelegate.swift */ = {isa = PBXFileReference; lastKnownFileType = sourcecode.swift; path = AppDelegate.swift; sourceTree = "<group>"; };
		84A9F04E2C032634007025E4 /* SceneDelegate.swift */ = {isa = PBXFileReference; lastKnownFileType = sourcecode.swift; path = SceneDelegate.swift; sourceTree = "<group>"; };
		84A9F0502C032634007025E4 /* TravelTableViewController.swift */ = {isa = PBXFileReference; lastKnownFileType = sourcecode.swift; path = TravelTableViewController.swift; sourceTree = "<group>"; };
		84A9F0552C032635007025E4 /* Assets.xcassets */ = {isa = PBXFileReference; lastKnownFileType = folder.assetcatalog; path = Assets.xcassets; sourceTree = "<group>"; };
		84A9F05A2C032635007025E4 /* Info.plist */ = {isa = PBXFileReference; lastKnownFileType = text.plist.xml; path = Info.plist; sourceTree = "<group>"; };
		84A9F0752C034B3D007025E4 /* Restaurant.swift */ = {isa = PBXFileReference; fileEncoding = 4; lastKnownFileType = sourcecode.swift; path = Restaurant.swift; sourceTree = "<group>"; };
		84A9F0762C034B3D007025E4 /* MagazineInfo.swift */ = {isa = PBXFileReference; fileEncoding = 4; lastKnownFileType = sourcecode.swift; path = MagazineInfo.swift; sourceTree = "<group>"; };
		84A9F07D2C034DAC007025E4 /* LaunchScreen.storyboard */ = {isa = PBXFileReference; fileEncoding = 4; lastKnownFileType = file.storyboard; path = LaunchScreen.storyboard; sourceTree = "<group>"; };
		84A9F07E2C034DAD007025E4 /* Main.storyboard */ = {isa = PBXFileReference; fileEncoding = 4; lastKnownFileType = file.storyboard; path = Main.storyboard; sourceTree = "<group>"; };
		84A9F0812C034E3D007025E4 /* TravelTableViewCell.swift */ = {isa = PBXFileReference; lastKnownFileType = sourcecode.swift; path = TravelTableViewCell.swift; sourceTree = "<group>"; };
		84A9F0872C0397E0007025E4 /* DateFormatter+.swift */ = {isa = PBXFileReference; lastKnownFileType = sourcecode.swift; path = "DateFormatter+.swift"; sourceTree = "<group>"; };
		84A9F08B2C03A8A6007025E4 /* .gitignore */ = {isa = PBXFileReference; lastKnownFileType = text; path = .gitignore; sourceTree = "<group>"; };
/* End PBXFileReference section */

/* Begin PBXFrameworksBuildPhase section */
		84A9F0462C032634007025E4 /* Frameworks */ = {
			isa = PBXFrameworksBuildPhase;
			buildActionMask = 2147483647;
			files = (
				84A9F0852C035486007025E4 /* Kingfisher in Frameworks */,
			);
			runOnlyForDeploymentPostprocessing = 0;
		};
/* End PBXFrameworksBuildPhase section */

/* Begin PBXGroup section */
		84A9F0402C032634007025E4 = {
			isa = PBXGroup;
			children = (
				84A9F04B2C032634007025E4 /* TravelProject */,
				84A9F04A2C032634007025E4 /* Products */,
			);
			sourceTree = "<group>";
		};
		84A9F04A2C032634007025E4 /* Products */ = {
			isa = PBXGroup;
			children = (
				84A9F0492C032634007025E4 /* TravelProject.app */,
			);
			name = Products;
			sourceTree = "<group>";
		};
		84A9F04B2C032634007025E4 /* TravelProject */ = {
			isa = PBXGroup;
			children = (
				84A9F07C2C034C6E007025E4 /* App */,
				84A9F0502C032634007025E4 /* TravelTableViewController.swift */,
				84A9F0812C034E3D007025E4 /* TravelTableViewCell.swift */,
				84A9F08B2C03A8A6007025E4 /* .gitignore */,
				84A9F0872C0397E0007025E4 /* DateFormatter+.swift */,
				84A9F0792C034BFB007025E4 /* Model */,
				84A9F0862C03552E007025E4 /* Resource */,
				84A9F05A2C032635007025E4 /* Info.plist */,
			);
			path = TravelProject;
			sourceTree = "<group>";
		};
		84A9F0792C034BFB007025E4 /* Model */ = {
			isa = PBXGroup;
			children = (
				84A9F0752C034B3D007025E4 /* Restaurant.swift */,
				84A9F0762C034B3D007025E4 /* MagazineInfo.swift */,
			);
			path = Model;
			sourceTree = "<group>";
		};
		84A9F07C2C034C6E007025E4 /* App */ = {
			isa = PBXGroup;
			children = (
				84A9F04C2C032634007025E4 /* AppDelegate.swift */,
				84A9F04E2C032634007025E4 /* SceneDelegate.swift */,
			);
			path = App;
			sourceTree = "<group>";
		};
		84A9F0862C03552E007025E4 /* Resource */ = {
			isa = PBXGroup;
			children = (
				84A9F07E2C034DAD007025E4 /* Main.storyboard */,
				84A9F07D2C034DAC007025E4 /* LaunchScreen.storyboard */,
				84A9F0552C032635007025E4 /* Assets.xcassets */,
			);
			path = Resource;
			sourceTree = "<group>";
		};
/* End PBXGroup section */

/* Begin PBXNativeTarget section */
		84A9F0482C032634007025E4 /* TravelProject */ = {
			isa = PBXNativeTarget;
			buildConfigurationList = 84A9F05D2C032635007025E4 /* Build configuration list for PBXNativeTarget "TravelProject" */;
			buildPhases = (
				84A9F0452C032634007025E4 /* Sources */,
				84A9F0462C032634007025E4 /* Frameworks */,
				84A9F0472C032634007025E4 /* Resources */,
			);
			buildRules = (
			);
			dependencies = (
			);
			name = TravelProject;
			packageProductDependencies = (
				84A9F0842C035486007025E4 /* Kingfisher */,
			);
			productName = TravelProject;
			productReference = 84A9F0492C032634007025E4 /* TravelProject.app */;
			productType = "com.apple.product-type.application";
		};
/* End PBXNativeTarget section */

/* Begin PBXProject section */
		84A9F0412C032634007025E4 /* Project object */ = {
			isa = PBXProject;
			attributes = {
				BuildIndependentTargetsInParallel = 1;
				LastSwiftUpdateCheck = 1540;
				LastUpgradeCheck = 1540;
				TargetAttributes = {
					84A9F0482C032634007025E4 = {
						CreatedOnToolsVersion = 15.4;
					};
				};
			};
			buildConfigurationList = 84A9F0442C032634007025E4 /* Build configuration list for PBXProject "TravelProject" */;
			compatibilityVersion = "Xcode 14.0";
			developmentRegion = en;
			hasScannedForEncodings = 0;
			knownRegions = (
				en,
				Base,
			);
			mainGroup = 84A9F0402C032634007025E4;
			packageReferences = (
				84A9F0832C035486007025E4 /* XCRemoteSwiftPackageReference "Kingfisher" */,
			);
			productRefGroup = 84A9F04A2C032634007025E4 /* Products */;
			projectDirPath = "";
			projectRoot = "";
			targets = (
				84A9F0482C032634007025E4 /* TravelProject */,
			);
		};
/* End PBXProject section */

/* Begin PBXResourcesBuildPhase section */
		84A9F0472C032634007025E4 /* Resources */ = {
			isa = PBXResourcesBuildPhase;
			buildActionMask = 2147483647;
			files = (
				84A9F08C2C03A8A6007025E4 /* .gitignore in Resources */,
				84A9F0562C032635007025E4 /* Assets.xcassets in Resources */,
				84A9F0802C034DAD007025E4 /* Main.storyboard in Resources */,
				84A9F07F2C034DAD007025E4 /* LaunchScreen.storyboard in Resources */,
			);
			runOnlyForDeploymentPostprocessing = 0;
		};
/* End PBXResourcesBuildPhase section */

/* Begin PBXSourcesBuildPhase section */
		84A9F0452C032634007025E4 /* Sources */ = {
			isa = PBXSourcesBuildPhase;
			buildActionMask = 2147483647;
			files = (
				84A9F0772C034B3D007025E4 /* Restaurant.swift in Sources */,
				84A9F0822C034E3D007025E4 /* TravelTableViewCell.swift in Sources */,
				84A9F0512C032634007025E4 /* TravelTableViewController.swift in Sources */,
				84A9F04D2C032634007025E4 /* AppDelegate.swift in Sources */,
				84A9F04F2C032634007025E4 /* SceneDelegate.swift in Sources */,
				84A9F0882C0397E0007025E4 /* DateFormatter+.swift in Sources */,
				84A9F0782C034B3D007025E4 /* MagazineInfo.swift in Sources */,
			);
			runOnlyForDeploymentPostprocessing = 0;
		};
/* End PBXSourcesBuildPhase section */

/* Begin XCBuildConfiguration section */
		84A9F05B2C032635007025E4 /* Debug */ = {
			isa = XCBuildConfiguration;
			buildSettings = {
				ALWAYS_SEARCH_USER_PATHS = NO;
				ASSETCATALOG_COMPILER_GENERATE_SWIFT_ASSET_SYMBOL_EXTENSIONS = YES;
				CLANG_ANALYZER_NONNULL = YES;
				CLANG_ANALYZER_NUMBER_OBJECT_CONVERSION = YES_AGGRESSIVE;
				CLANG_CXX_LANGUAGE_STANDARD = "gnu++20";
				CLANG_ENABLE_MODULES = YES;
				CLANG_ENABLE_OBJC_ARC = YES;
				CLANG_ENABLE_OBJC_WEAK = YES;
				CLANG_WARN_BLOCK_CAPTURE_AUTORELEASING = YES;
				CLANG_WARN_BOOL_CONVERSION = YES;
				CLANG_WARN_COMMA = YES;
				CLANG_WARN_CONSTANT_CONVERSION = YES;
				CLANG_WARN_DEPRECATED_OBJC_IMPLEMENTATIONS = YES;
				CLANG_WARN_DIRECT_OBJC_ISA_USAGE = YES_ERROR;
				CLANG_WARN_DOCUMENTATION_COMMENTS = YES;
				CLANG_WARN_EMPTY_BODY = YES;
				CLANG_WARN_ENUM_CONVERSION = YES;
				CLANG_WARN_INFINITE_RECURSION = YES;
				CLANG_WARN_INT_CONVERSION = YES;
				CLANG_WARN_NON_LITERAL_NULL_CONVERSION = YES;
				CLANG_WARN_OBJC_IMPLICIT_RETAIN_SELF = YES;
				CLANG_WARN_OBJC_LITERAL_CONVERSION = YES;
				CLANG_WARN_OBJC_ROOT_CLASS = YES_ERROR;
				CLANG_WARN_QUOTED_INCLUDE_IN_FRAMEWORK_HEADER = YES;
				CLANG_WARN_RANGE_LOOP_ANALYSIS = YES;
				CLANG_WARN_STRICT_PROTOTYPES = YES;
				CLANG_WARN_SUSPICIOUS_MOVE = YES;
				CLANG_WARN_UNGUARDED_AVAILABILITY = YES_AGGRESSIVE;
				CLANG_WARN_UNREACHABLE_CODE = YES;
				CLANG_WARN__DUPLICATE_METHOD_MATCH = YES;
				COPY_PHASE_STRIP = NO;
				DEBUG_INFORMATION_FORMAT = dwarf;
				ENABLE_STRICT_OBJC_MSGSEND = YES;
				ENABLE_TESTABILITY = YES;
				ENABLE_USER_SCRIPT_SANDBOXING = YES;
				GCC_C_LANGUAGE_STANDARD = gnu17;
				GCC_DYNAMIC_NO_PIC = NO;
				GCC_NO_COMMON_BLOCKS = YES;
				GCC_OPTIMIZATION_LEVEL = 0;
				GCC_PREPROCESSOR_DEFINITIONS = (
					"DEBUG=1",
					"$(inherited)",
				);
				GCC_WARN_64_TO_32_BIT_CONVERSION = YES;
				GCC_WARN_ABOUT_RETURN_TYPE = YES_ERROR;
				GCC_WARN_UNDECLARED_SELECTOR = YES;
				GCC_WARN_UNINITIALIZED_AUTOS = YES_AGGRESSIVE;
				GCC_WARN_UNUSED_FUNCTION = YES;
				GCC_WARN_UNUSED_VARIABLE = YES;
				IPHONEOS_DEPLOYMENT_TARGET = 17.5;
				LOCALIZATION_PREFERS_STRING_CATALOGS = YES;
				MTL_ENABLE_DEBUG_INFO = INCLUDE_SOURCE;
				MTL_FAST_MATH = YES;
				ONLY_ACTIVE_ARCH = YES;
				SDKROOT = iphoneos;
				SWIFT_ACTIVE_COMPILATION_CONDITIONS = "DEBUG $(inherited)";
				SWIFT_OPTIMIZATION_LEVEL = "-Onone";
			};
			name = Debug;
		};
		84A9F05C2C032635007025E4 /* Release */ = {
			isa = XCBuildConfiguration;
			buildSettings = {
				ALWAYS_SEARCH_USER_PATHS = NO;
				ASSETCATALOG_COMPILER_GENERATE_SWIFT_ASSET_SYMBOL_EXTENSIONS = YES;
				CLANG_ANALYZER_NONNULL = YES;
				CLANG_ANALYZER_NUMBER_OBJECT_CONVERSION = YES_AGGRESSIVE;
				CLANG_CXX_LANGUAGE_STANDARD = "gnu++20";
				CLANG_ENABLE_MODULES = YES;
				CLANG_ENABLE_OBJC_ARC = YES;
				CLANG_ENABLE_OBJC_WEAK = YES;
				CLANG_WARN_BLOCK_CAPTURE_AUTORELEASING = YES;
				CLANG_WARN_BOOL_CONVERSION = YES;
				CLANG_WARN_COMMA = YES;
				CLANG_WARN_CONSTANT_CONVERSION = YES;
				CLANG_WARN_DEPRECATED_OBJC_IMPLEMENTATIONS = YES;
				CLANG_WARN_DIRECT_OBJC_ISA_USAGE = YES_ERROR;
				CLANG_WARN_DOCUMENTATION_COMMENTS = YES;
				CLANG_WARN_EMPTY_BODY = YES;
				CLANG_WARN_ENUM_CONVERSION = YES;
				CLANG_WARN_INFINITE_RECURSION = YES;
				CLANG_WARN_INT_CONVERSION = YES;
				CLANG_WARN_NON_LITERAL_NULL_CONVERSION = YES;
				CLANG_WARN_OBJC_IMPLICIT_RETAIN_SELF = YES;
				CLANG_WARN_OBJC_LITERAL_CONVERSION = YES;
				CLANG_WARN_OBJC_ROOT_CLASS = YES_ERROR;
				CLANG_WARN_QUOTED_INCLUDE_IN_FRAMEWORK_HEADER = YES;
				CLANG_WARN_RANGE_LOOP_ANALYSIS = YES;
				CLANG_WARN_STRICT_PROTOTYPES = YES;
				CLANG_WARN_SUSPICIOUS_MOVE = YES;
				CLANG_WARN_UNGUARDED_AVAILABILITY = YES_AGGRESSIVE;
				CLANG_WARN_UNREACHABLE_CODE = YES;
				CLANG_WARN__DUPLICATE_METHOD_MATCH = YES;
				COPY_PHASE_STRIP = NO;
				DEBUG_INFORMATION_FORMAT = "dwarf-with-dsym";
				ENABLE_NS_ASSERTIONS = NO;
				ENABLE_STRICT_OBJC_MSGSEND = YES;
				ENABLE_USER_SCRIPT_SANDBOXING = YES;
				GCC_C_LANGUAGE_STANDARD = gnu17;
				GCC_NO_COMMON_BLOCKS = YES;
				GCC_WARN_64_TO_32_BIT_CONVERSION = YES;
				GCC_WARN_ABOUT_RETURN_TYPE = YES_ERROR;
				GCC_WARN_UNDECLARED_SELECTOR = YES;
				GCC_WARN_UNINITIALIZED_AUTOS = YES_AGGRESSIVE;
				GCC_WARN_UNUSED_FUNCTION = YES;
				GCC_WARN_UNUSED_VARIABLE = YES;
				IPHONEOS_DEPLOYMENT_TARGET = 17.5;
				LOCALIZATION_PREFERS_STRING_CATALOGS = YES;
				MTL_ENABLE_DEBUG_INFO = NO;
				MTL_FAST_MATH = YES;
				SDKROOT = iphoneos;
				SWIFT_COMPILATION_MODE = wholemodule;
				VALIDATE_PRODUCT = YES;
			};
			name = Release;
		};
		84A9F05E2C032635007025E4 /* Debug */ = {
			isa = XCBuildConfiguration;
			buildSettings = {
				ASSETCATALOG_COMPILER_APPICON_NAME = AppIcon;
				ASSETCATALOG_COMPILER_GLOBAL_ACCENT_COLOR_NAME = AccentColor;
				CODE_SIGN_STYLE = Automatic;
				CURRENT_PROJECT_VERSION = 1;
				DEVELOPMENT_TEAM = DB9LFYULKZ;
				GENERATE_INFOPLIST_FILE = YES;
				INFOPLIST_FILE = TravelProject/Info.plist;
				INFOPLIST_KEY_UIApplicationSupportsIndirectInputEvents = YES;
				INFOPLIST_KEY_UILaunchStoryboardName = LaunchScreen;
				INFOPLIST_KEY_UIMainStoryboardFile = Main;
				INFOPLIST_KEY_UISupportedInterfaceOrientations = UIInterfaceOrientationPortrait;
				INFOPLIST_KEY_UISupportedInterfaceOrientations_iPad = "UIInterfaceOrientationLandscapeLeft UIInterfaceOrientationLandscapeRight UIInterfaceOrientationPortrait UIInterfaceOrientationPortraitUpsideDown";
				IPHONEOS_DEPLOYMENT_TARGET = 16.0;
				LD_RUNPATH_SEARCH_PATHS = (
					"$(inherited)",
					"@executable_path/Frameworks",
				);
				MARKETING_VERSION = 1.0;
				PRODUCT_BUNDLE_IDENTIFIER = com.sesac.TravelProject;
				PRODUCT_NAME = "$(TARGET_NAME)";
				SUPPORTED_PLATFORMS = "iphoneos iphonesimulator";
				SUPPORTS_MACCATALYST = NO;
				SUPPORTS_MAC_DESIGNED_FOR_IPHONE_IPAD = NO;
				SUPPORTS_XR_DESIGNED_FOR_IPHONE_IPAD = NO;
				SWIFT_EMIT_LOC_STRINGS = YES;
				SWIFT_VERSION = 5.0;
				TARGETED_DEVICE_FAMILY = 1;
			};
			name = Debug;
		};
		84A9F05F2C032635007025E4 /* Release */ = {
			isa = XCBuildConfiguration;
			buildSettings = {
				ASSETCATALOG_COMPILER_APPICON_NAME = AppIcon;
				ASSETCATALOG_COMPILER_GLOBAL_ACCENT_COLOR_NAME = AccentColor;
				CODE_SIGN_STYLE = Automatic;
				CURRENT_PROJECT_VERSION = 1;
				DEVELOPMENT_TEAM = DB9LFYULKZ;
				GENERATE_INFOPLIST_FILE = YES;
				INFOPLIST_FILE = TravelProject/Info.plist;
				INFOPLIST_KEY_UIApplicationSupportsIndirectInputEvents = YES;
				INFOPLIST_KEY_UILaunchStoryboardName = LaunchScreen;
				INFOPLIST_KEY_UIMainStoryboardFile = Main;
				INFOPLIST_KEY_UISupportedInterfaceOrientations = UIInterfaceOrientationPortrait;
				INFOPLIST_KEY_UISupportedInterfaceOrientations_iPad = "UIInterfaceOrientationLandscapeLeft UIInterfaceOrientationLandscapeRight UIInterfaceOrientationPortrait UIInterfaceOrientationPortraitUpsideDown";
				IPHONEOS_DEPLOYMENT_TARGET = 16.0;
				LD_RUNPATH_SEARCH_PATHS = (
					"$(inherited)",
					"@executable_path/Frameworks",
				);
				MARKETING_VERSION = 1.0;
				PRODUCT_BUNDLE_IDENTIFIER = com.sesac.TravelProject;
				PRODUCT_NAME = "$(TARGET_NAME)";
				SUPPORTED_PLATFORMS = "iphoneos iphonesimulator";
				SUPPORTS_MACCATALYST = NO;
				SUPPORTS_MAC_DESIGNED_FOR_IPHONE_IPAD = NO;
				SUPPORTS_XR_DESIGNED_FOR_IPHONE_IPAD = NO;
				SWIFT_EMIT_LOC_STRINGS = YES;
				SWIFT_VERSION = 5.0;
				TARGETED_DEVICE_FAMILY = 1;
			};
			name = Release;
		};
/* End XCBuildConfiguration section */

/* Begin XCConfigurationList section */
		84A9F0442C032634007025E4 /* Build configuration list for PBXProject "TravelProject" */ = {
			isa = XCConfigurationList;
			buildConfigurations = (
				84A9F05B2C032635007025E4 /* Debug */,
				84A9F05C2C032635007025E4 /* Release */,
			);
			defaultConfigurationIsVisible = 0;
			defaultConfigurationName = Release;
		};
		84A9F05D2C032635007025E4 /* Build configuration list for PBXNativeTarget "TravelProject" */ = {
			isa = XCConfigurationList;
			buildConfigurations = (
				84A9F05E2C032635007025E4 /* Debug */,
				84A9F05F2C032635007025E4 /* Release */,
			);
			defaultConfigurationIsVisible = 0;
			defaultConfigurationName = Release;
		};
/* End XCConfigurationList section */

/* Begin XCRemoteSwiftPackageReference section */
		84A9F0832C035486007025E4 /* XCRemoteSwiftPackageReference "Kingfisher" */ = {
			isa = XCRemoteSwiftPackageReference;
			repositoryURL = "https://github.com/onevcat/Kingfisher";
			requirement = {
				kind = upToNextMajorVersion;
				minimumVersion = 7.11.0;
			};
		};
/* End XCRemoteSwiftPackageReference section */

/* Begin XCSwiftPackageProductDependency section */
		84A9F0842C035486007025E4 /* Kingfisher */ = {
			isa = XCSwiftPackageProductDependency;
			package = 84A9F0832C035486007025E4 /* XCRemoteSwiftPackageReference "Kingfisher" */;
			productName = Kingfisher;
		};
/* End XCSwiftPackageProductDependency section */
	};
	rootObject = 84A9F0412C032634007025E4 /* Project object */;
}
